
Microsoft Visual Studio Solution File, Format Version 12.00
# Visual Studio Version 17
VisualStudioVersion = 17.10.34916.146
MinimumVisualStudioVersion = 10.0.40219.1
Project("{9A19103F-16F7-4668-BE54-9A1E7A4F7556}") = "Whirlybird", "Whirlybird\Whirlybird.csproj", "{3983C115-D374-4AF2-AA2A-21EE67DF587D}"
EndProject
Global
	GlobalSection(SolutionConfigurationPlatforms) = preSolution
		Debug|Any CPU = Debug|Any CPU
		Release|Any CPU = Release|Any CPU
	EndGlobalSection
	GlobalSection(ProjectConfigurationPlatforms) = postSolution
		{3983C115-D374-4AF2-AA2A-21EE67DF587D}.Debug|Any CPU.ActiveCfg = Release|Any CPU
		{3983C115-D374-4AF2-AA2A-21EE67DF587D}.Debug|Any CPU.Build.0 = Release|Any CPU
		{3983C115-D374-4AF2-AA2A-21EE67DF587D}.Release|Any CPU.ActiveCfg = Release|Any CPU
		{3983C115-D374-4AF2-AA2A-21EE67DF587D}.Release|Any CPU.Build.0 = Release|Any CPU
	EndGlobalSection
	GlobalSection(SolutionProperties) = preSolution
		HideSolutionNode = FALSE
	EndGlobalSection
	GlobalSection(ExtensibilityGlobals) = postSolution
		SolutionGuid = {36F36266-2D2D-4680-B1C7-5916AFEE682F}
	EndGlobalSection
EndGlobal
